
Microsoft Visual Studio Solution File, Format Version 12.00
# Visual Studio Version 16
VisualStudioVersion = 16.0.30002.166
MinimumVisualStudioVersion = 10.0.40219.1
Project("{FAE04EC0-301F-11D3-BF4B-00C04F79EFBC}") = "ArmyArrowCounter", "ArmyArrowCounter\ArmyArrowCounter.csproj", "{0F99042F-21DE-4594-B170-3B13BF4EEE8B}"
EndProject
Global
	GlobalSection(SolutionConfigurationPlatforms) = preSolution
		Debug|Any CPU = Debug|Any CPU
		Release|Any CPU = Release|Any CPU
	EndGlobalSection
	GlobalSection(ProjectConfigurationPlatforms) = postSolution
		{0F99042F-21DE-4594-B170-3B13BF4EEE8B}.Debug|Any CPU.ActiveCfg = Debug|Any CPU
		{0F99042F-21DE-4594-B170-3B13BF4EEE8B}.Debug|Any CPU.Build.0 = Debug|Any CPU
		{0F99042F-21DE-4594-B170-3B13BF4EEE8B}.Release|Any CPU.ActiveCfg = Release|Any CPU
		{0F99042F-21DE-4594-B170-3B13BF4EEE8B}.Release|Any CPU.Build.0 = Release|Any CPU
	EndGlobalSection
	GlobalSection(SolutionProperties) = preSolution
		HideSolutionNode = FALSE
	EndGlobalSection
	GlobalSection(ExtensibilityGlobals) = postSolution
		SolutionGuid = {67B77BC0-383C-4437-B151-A2175A6B9DB3}
	EndGlobalSection
EndGlobal
